
Microsoft Visual Studio Solution File, Format Version 12.00
# Visual Studio Version 17
VisualStudioVersion = 17.5.002.0
MinimumVisualStudioVersion = 10.0.40219.1
Project("{9A19103F-16F7-4668-BE54-9A1E7A4F7556}") = "RepiBuddy", "RepiBuddy.csproj", "{BDB7FFC1-0472-45F9-A10B-2D60A7FC1310}"
EndProject
Global
	GlobalSection(SolutionConfigurationPlatforms) = preSolution
		Debug|Any CPU = Debug|Any CPU
		Release|Any CPU = Release|Any CPU
	EndGlobalSection
	GlobalSection(ProjectConfigurationPlatforms) = postSolution
		{BDB7FFC1-0472-45F9-A10B-2D60A7FC1310}.Debug|Any CPU.ActiveCfg = Debug|Any CPU
		{BDB7FFC1-0472-45F9-A10B-2D60A7FC1310}.Debug|Any CPU.Build.0 = Debug|Any CPU
		{BDB7FFC1-0472-45F9-A10B-2D60A7FC1310}.Release|Any CPU.ActiveCfg = Release|Any CPU
		{BDB7FFC1-0472-45F9-A10B-2D60A7FC1310}.Release|Any CPU.Build.0 = Release|Any CPU
	EndGlobalSection
	GlobalSection(SolutionProperties) = preSolution
		HideSolutionNode = FALSE
	EndGlobalSection
	GlobalSection(ExtensibilityGlobals) = postSolution
		SolutionGuid = {136BD8C4-11FC-4C6C-B422-2EB65F7AA03B}
	EndGlobalSection
EndGlobal
